
Microsoft Visual Studio Solution File, Format Version 12.00
# Visual Studio Version 16
VisualStudioVersion = 16.0.29613.14
MinimumVisualStudioVersion = 10.0.40219.1
Project("{FAE04EC0-301F-11D3-BF4B-00C04F79EFBC}") = "ConsoleApp5", "ConsoleApp5\ConsoleApp5.csproj", "{DCD8EC56-9D1A-46C2-9A01-886698D93D2A}"
EndProject
Project("{FAE04EC0-301F-11D3-BF4B-00C04F79EFBC}") = "BankInterface", "BankInterface\BankInterface.csproj", "{626806B4-2D34-49BE-AA0F-1AF857B553D8}"
EndProject
Project("{FAE04EC0-301F-11D3-BF4B-00C04F79EFBC}") = "BankOfChina", "BankOfChina\BankOfChina.csproj", "{F9555AAC-B9D3-4D9D-B25D-9D170677BEC5}"
EndProject
Project("{FAE04EC0-301F-11D3-BF4B-00C04F79EFBC}") = "MEFDemo", "MEFDemo\MEFDemo.csproj", "{0EF28F97-3DAE-431B-8070-1444A0452288}"
EndProject
Project("{FAE04EC0-301F-11D3-BF4B-00C04F79EFBC}") = "BankogNong", "BankogNong\BankogNong.csproj", "{32F16B9A-352D-4A23-927C-2559689644ED}"
EndProject
Global
	GlobalSection(SolutionConfigurationPlatforms) = preSolution
		Debug|Any CPU = Debug|Any CPU
		Release|Any CPU = Release|Any CPU
	EndGlobalSection
	GlobalSection(ProjectConfigurationPlatforms) = postSolution
		{DCD8EC56-9D1A-46C2-9A01-886698D93D2A}.Debug|Any CPU.ActiveCfg = Debug|Any CPU
		{DCD8EC56-9D1A-46C2-9A01-886698D93D2A}.Debug|Any CPU.Build.0 = Debug|Any CPU
		{DCD8EC56-9D1A-46C2-9A01-886698D93D2A}.Release|Any CPU.ActiveCfg = Release|Any CPU
		{DCD8EC56-9D1A-46C2-9A01-886698D93D2A}.Release|Any CPU.Build.0 = Release|Any CPU
		{626806B4-2D34-49BE-AA0F-1AF857B553D8}.Debug|Any CPU.ActiveCfg = Debug|Any CPU
		{626806B4-2D34-49BE-AA0F-1AF857B553D8}.Debug|Any CPU.Build.0 = Debug|Any CPU
		{626806B4-2D34-49BE-AA0F-1AF857B553D8}.Release|Any CPU.ActiveCfg = Release|Any CPU
		{626806B4-2D34-49BE-AA0F-1AF857B553D8}.Release|Any CPU.Build.0 = Release|Any CPU
		{F9555AAC-B9D3-4D9D-B25D-9D170677BEC5}.Debug|Any CPU.ActiveCfg = Debug|Any CPU
		{F9555AAC-B9D3-4D9D-B25D-9D170677BEC5}.Debug|Any CPU.Build.0 = Debug|Any CPU
		{F9555AAC-B9D3-4D9D-B25D-9D170677BEC5}.Release|Any CPU.ActiveCfg = Release|Any CPU
		{F9555AAC-B9D3-4D9D-B25D-9D170677BEC5}.Release|Any CPU.Build.0 = Release|Any CPU
		{0EF28F97-3DAE-431B-8070-1444A0452288}.Debug|Any CPU.ActiveCfg = Debug|Any CPU
		{0EF28F97-3DAE-431B-8070-1444A0452288}.Debug|Any CPU.Build.0 = Debug|Any CPU
		{0EF28F97-3DAE-431B-8070-1444A0452288}.Release|Any CPU.ActiveCfg = Release|Any CPU
		{0EF28F97-3DAE-431B-8070-1444A0452288}.Release|Any CPU.Build.0 = Release|Any CPU
		{32F16B9A-352D-4A23-927C-2559689644ED}.Debug|Any CPU.ActiveCfg = Debug|Any CPU
		{32F16B9A-352D-4A23-927C-2559689644ED}.Debug|Any CPU.Build.0 = Debug|Any CPU
		{32F16B9A-352D-4A23-927C-2559689644ED}.Release|Any CPU.ActiveCfg = Release|Any CPU
		{32F16B9A-352D-4A23-927C-2559689644ED}.Release|Any CPU.Build.0 = Release|Any CPU
	EndGlobalSection
	GlobalSection(SolutionProperties) = preSolution
		HideSolutionNode = FALSE
	EndGlobalSection
	GlobalSection(ExtensibilityGlobals) = postSolution
		SolutionGuid = {462DE39B-F1FA-498E-9CF8-1F0C0A0E282B}
	EndGlobalSection
EndGlobal
